// !$*UTF8*$!
{
	archiveVersion = 1;
	classes = {
	};
	objectVersion = 56;
	objects = {

/* Begin PBXBuildFile section */
		FBABC07C2B18A1F200609E2D /* Router.swift in Sources */ = {isa = PBXBuildFile; fileRef = FBABC07B2B18A1F200609E2D /* Router.swift */; };
		FBABC07E2B18A1FC00609E2D /* Presenter.swift in Sources */ = {isa = PBXBuildFile; fileRef = FBABC07D2B18A1FC00609E2D /* Presenter.swift */; };
		FBABC0802B18A20800609E2D /* Interactor.swift in Sources */ = {isa = PBXBuildFile; fileRef = FBABC07F2B18A20800609E2D /* Interactor.swift */; };
		FBABC0822B18A21600609E2D /* Protocols.swift in Sources */ = {isa = PBXBuildFile; fileRef = FBABC0812B18A21600609E2D /* Protocols.swift */; };
		FBABC0852B18AA3000609E2D /* Alamofire in Frameworks */ = {isa = PBXBuildFile; productRef = FBABC0842B18AA3000609E2D /* Alamofire */; };
		FBABC0882B18AA8300609E2D /* AllCatsResponse.swift in Sources */ = {isa = PBXBuildFile; fileRef = FBABC0872B18AA8300609E2D /* AllCatsResponse.swift */; };
		FBABC08A2B18AAB200609E2D /* AllCatsWeight.swift in Sources */ = {isa = PBXBuildFile; fileRef = FBABC0892B18AAB200609E2D /* AllCatsWeight.swift */; };
		FBABC08C2B18BE9500609E2D /* CatImages.swift in Sources */ = {isa = PBXBuildFile; fileRef = FBABC08B2B18BE9500609E2D /* CatImages.swift */; };
		FBF799EE2B166F2A006BA30D /* AppDelegate.swift in Sources */ = {isa = PBXBuildFile; fileRef = FBF799ED2B166F2A006BA30D /* AppDelegate.swift */; };
		FBF799F02B166F2A006BA30D /* SceneDelegate.swift in Sources */ = {isa = PBXBuildFile; fileRef = FBF799EF2B166F2A006BA30D /* SceneDelegate.swift */; };
		FBF799F22B166F2A006BA30D /* ViewController.swift in Sources */ = {isa = PBXBuildFile; fileRef = FBF799F12B166F2A006BA30D /* ViewController.swift */; };
		FBF799F52B166F2A006BA30D /* Main.storyboard in Resources */ = {isa = PBXBuildFile; fileRef = FBF799F32B166F2A006BA30D /* Main.storyboard */; };
		FBF799F72B166F2B006BA30D /* Assets.xcassets in Resources */ = {isa = PBXBuildFile; fileRef = FBF799F62B166F2B006BA30D /* Assets.xcassets */; };
		FBF799FA2B166F2B006BA30D /* LaunchScreen.storyboard in Resources */ = {isa = PBXBuildFile; fileRef = FBF799F82B166F2B006BA30D /* LaunchScreen.storyboard */; };
/* End PBXBuildFile section */

/* Begin PBXFileReference section */
		FBABC07B2B18A1F200609E2D /* Router.swift */ = {isa = PBXFileReference; lastKnownFileType = sourcecode.swift; path = Router.swift; sourceTree = "<group>"; };
		FBABC07D2B18A1FC00609E2D /* Presenter.swift */ = {isa = PBXFileReference; lastKnownFileType = sourcecode.swift; path = Presenter.swift; sourceTree = "<group>"; };
		FBABC07F2B18A20800609E2D /* Interactor.swift */ = {isa = PBXFileReference; lastKnownFileType = sourcecode.swift; path = Interactor.swift; sourceTree = "<group>"; };
		FBABC0812B18A21600609E2D /* Protocols.swift */ = {isa = PBXFileReference; lastKnownFileType = sourcecode.swift; path = Protocols.swift; sourceTree = "<group>"; };
		FBABC0872B18AA8300609E2D /* AllCatsResponse.swift */ = {isa = PBXFileReference; lastKnownFileType = sourcecode.swift; path = AllCatsResponse.swift; sourceTree = "<group>"; };
		FBABC0892B18AAB200609E2D /* AllCatsWeight.swift */ = {isa = PBXFileReference; lastKnownFileType = sourcecode.swift; path = AllCatsWeight.swift; sourceTree = "<group>"; };
		FBABC08B2B18BE9500609E2D /* CatImages.swift */ = {isa = PBXFileReference; lastKnownFileType = sourcecode.swift; path = CatImages.swift; sourceTree = "<group>"; };
		FBF799EA2B166F2A006BA30D /* CatApp.app */ = {isa = PBXFileReference; explicitFileType = wrapper.application; includeInIndex = 0; path = CatApp.app; sourceTree = BUILT_PRODUCTS_DIR; };
		FBF799ED2B166F2A006BA30D /* AppDelegate.swift */ = {isa = PBXFileReference; lastKnownFileType = sourcecode.swift; path = AppDelegate.swift; sourceTree = "<group>"; };
		FBF799EF2B166F2A006BA30D /* SceneDelegate.swift */ = {isa = PBXFileReference; lastKnownFileType = sourcecode.swift; path = SceneDelegate.swift; sourceTree = "<group>"; };
		FBF799F12B166F2A006BA30D /* ViewController.swift */ = {isa = PBXFileReference; lastKnownFileType = sourcecode.swift; path = ViewController.swift; sourceTree = "<group>"; };
		FBF799F42B166F2A006BA30D /* Base */ = {isa = PBXFileReference; lastKnownFileType = file.storyboard; name = Base; path = Base.lproj/Main.storyboard; sourceTree = "<group>"; };
		FBF799F62B166F2B006BA30D /* Assets.xcassets */ = {isa = PBXFileReference; lastKnownFileType = folder.assetcatalog; path = Assets.xcassets; sourceTree = "<group>"; };
		FBF799F92B166F2B006BA30D /* Base */ = {isa = PBXFileReference; lastKnownFileType = file.storyboard; name = Base; path = Base.lproj/LaunchScreen.storyboard; sourceTree = "<group>"; };
		FBF799FB2B166F2B006BA30D /* Info.plist */ = {isa = PBXFileReference; lastKnownFileType = text.plist.xml; path = Info.plist; sourceTree = "<group>"; };
/* End PBXFileReference section */

/* Begin PBXFrameworksBuildPhase section */
		FBF799E72B166F2A006BA30D /* Frameworks */ = {
			isa = PBXFrameworksBuildPhase;
			buildActionMask = 2147483647;
			files = (
				FBABC0852B18AA3000609E2D /* Alamofire in Frameworks */,
			);
			runOnlyForDeploymentPostprocessing = 0;
		};
/* End PBXFrameworksBuildPhase section */

/* Begin PBXGroup section */
		FBABC0752B18A18200609E2D /* main-module */ = {
			isa = PBXGroup;
			children = (
				FBABC0792B18A1A200609E2D /* protocols */,
				FBABC0782B18A19900609E2D /* interactor */,
				FBABC0772B18A19300609E2D /* presenter */,
				FBABC07A2B18A1A900609E2D /* router */,
				FBABC0762B18A18F00609E2D /* view */,
			);
			path = "main-module";
			sourceTree = "<group>";
		};
		FBABC0762B18A18F00609E2D /* view */ = {
			isa = PBXGroup;
			children = (
				FBF799F12B166F2A006BA30D /* ViewController.swift */,
			);
			path = view;
			sourceTree = "<group>";
		};
		FBABC0772B18A19300609E2D /* presenter */ = {
			isa = PBXGroup;
			children = (
				FBABC07D2B18A1FC00609E2D /* Presenter.swift */,
			);
			path = presenter;
			sourceTree = "<group>";
		};
		FBABC0782B18A19900609E2D /* interactor */ = {
			isa = PBXGroup;
			children = (
				FBABC07F2B18A20800609E2D /* Interactor.swift */,
			);
			path = interactor;
			sourceTree = "<group>";
		};
		FBABC0792B18A1A200609E2D /* protocols */ = {
			isa = PBXGroup;
			children = (
				FBABC0812B18A21600609E2D /* Protocols.swift */,
			);
			path = protocols;
			sourceTree = "<group>";
		};
		FBABC07A2B18A1A900609E2D /* router */ = {
			isa = PBXGroup;
			children = (
				FBABC07B2B18A1F200609E2D /* Router.swift */,
			);
			path = router;
			sourceTree = "<group>";
		};
		FBABC0862B18AA5700609E2D /* Entity */ = {
			isa = PBXGroup;
			children = (
				FBABC0872B18AA8300609E2D /* AllCatsResponse.swift */,
				FBABC0892B18AAB200609E2D /* AllCatsWeight.swift */,
				FBABC08B2B18BE9500609E2D /* CatImages.swift */,
			);
			path = Entity;
			sourceTree = "<group>";
		};
		FBF799E12B166F2A006BA30D = {
			isa = PBXGroup;
			children = (
				FBF799EC2B166F2A006BA30D /* CatApp */,
				FBF799EB2B166F2A006BA30D /* Products */,
			);
			sourceTree = "<group>";
		};
		FBF799EB2B166F2A006BA30D /* Products */ = {
			isa = PBXGroup;
			children = (
				FBF799EA2B166F2A006BA30D /* CatApp.app */,
			);
			name = Products;
			sourceTree = "<group>";
		};
		FBF799EC2B166F2A006BA30D /* CatApp */ = {
			isa = PBXGroup;
			children = (
				FBF799ED2B166F2A006BA30D /* AppDelegate.swift */,
				FBF799EF2B166F2A006BA30D /* SceneDelegate.swift */,
				FBABC0752B18A18200609E2D /* main-module */,
				FBABC0862B18AA5700609E2D /* Entity */,
				FBF799F32B166F2A006BA30D /* Main.storyboard */,
				FBF799F62B166F2B006BA30D /* Assets.xcassets */,
				FBF799F82B166F2B006BA30D /* LaunchScreen.storyboard */,
				FBF799FB2B166F2B006BA30D /* Info.plist */,
			);
			path = CatApp;
			sourceTree = "<group>";
		};
/* End PBXGroup section */

/* Begin PBXNativeTarget section */
		FBF799E92B166F2A006BA30D /* CatApp */ = {
			isa = PBXNativeTarget;
			buildConfigurationList = FBF799FE2B166F2B006BA30D /* Build configuration list for PBXNativeTarget "CatApp" */;
			buildPhases = (
				FBF799E62B166F2A006BA30D /* Sources */,
				FBF799E72B166F2A006BA30D /* Frameworks */,
				FBF799E82B166F2A006BA30D /* Resources */,
			);
			buildRules = (
			);
			dependencies = (
			);
			name = CatApp;
			packageProductDependencies = (
				FBABC0842B18AA3000609E2D /* Alamofire */,
			);
			productName = CatApp;
			productReference = FBF799EA2B166F2A006BA30D /* CatApp.app */;
			productType = "com.apple.product-type.application";
		};
/* End PBXNativeTarget section */

/* Begin PBXProject section */
		FBF799E22B166F2A006BA30D /* Project object */ = {
			isa = PBXProject;
			attributes = {
				BuildIndependentTargetsInParallel = 1;
				LastSwiftUpdateCheck = 1500;
				LastUpgradeCheck = 1500;
				TargetAttributes = {
					FBF799E92B166F2A006BA30D = {
						CreatedOnToolsVersion = 15.0.1;
					};
				};
			};
			buildConfigurationList = FBF799E52B166F2A006BA30D /* Build configuration list for PBXProject "CatApp" */;
			compatibilityVersion = "Xcode 14.0";
			developmentRegion = en;
			hasScannedForEncodings = 0;
			knownRegions = (
				en,
				Base,
			);
			mainGroup = FBF799E12B166F2A006BA30D;
			packageReferences = (
				FBABC0832B18AA3000609E2D /* XCRemoteSwiftPackageReference "Alamofire" */,
			);
			productRefGroup = FBF799EB2B166F2A006BA30D /* Products */;
			projectDirPath = "";
			projectRoot = "";
			targets = (
				FBF799E92B166F2A006BA30D /* CatApp */,
			);
		};
/* End PBXProject section */

/* Begin PBXResourcesBuildPhase section */
		FBF799E82B166F2A006BA30D /* Resources */ = {
			isa = PBXResourcesBuildPhase;
			buildActionMask = 2147483647;
			files = (
				FBF799FA2B166F2B006BA30D /* LaunchScreen.storyboard in Resources */,
				FBF799F72B166F2B006BA30D /* Assets.xcassets in Resources */,
				FBF799F52B166F2A006BA30D /* Main.storyboard in Resources */,
			);
			runOnlyForDeploymentPostprocessing = 0;
		};
/* End PBXResourcesBuildPhase section */

/* Begin PBXSourcesBuildPhase section */
		FBF799E62B166F2A006BA30D /* Sources */ = {
			isa = PBXSourcesBuildPhase;
			buildActionMask = 2147483647;
			files = (
				FBABC08C2B18BE9500609E2D /* CatImages.swift in Sources */,
				FBABC0802B18A20800609E2D /* Interactor.swift in Sources */,
				FBABC07C2B18A1F200609E2D /* Router.swift in Sources */,
				FBABC0822B18A21600609E2D /* Protocols.swift in Sources */,
				FBABC0882B18AA8300609E2D /* AllCatsResponse.swift in Sources */,
				FBF799F22B166F2A006BA30D /* ViewController.swift in Sources */,
				FBF799EE2B166F2A006BA30D /* AppDelegate.swift in Sources */,
				FBF799F02B166F2A006BA30D /* SceneDelegate.swift in Sources */,
				FBABC07E2B18A1FC00609E2D /* Presenter.swift in Sources */,
				FBABC08A2B18AAB200609E2D /* AllCatsWeight.swift in Sources */,
			);
			runOnlyForDeploymentPostprocessing = 0;
		};
/* End PBXSourcesBuildPhase section */

/* Begin PBXVariantGroup section */
		FBF799F32B166F2A006BA30D /* Main.storyboard */ = {
			isa = PBXVariantGroup;
			children = (
				FBF799F42B166F2A006BA30D /* Base */,
			);
			name = Main.storyboard;
			sourceTree = "<group>";
		};
		FBF799F82B166F2B006BA30D /* LaunchScreen.storyboard */ = {
			isa = PBXVariantGroup;
			children = (
				FBF799F92B166F2B006BA30D /* Base */,
			);
			name = LaunchScreen.storyboard;
			sourceTree = "<group>";
		};
/* End PBXVariantGroup section */

/* Begin XCBuildConfiguration section */
		FBF799FC2B166F2B006BA30D /* Debug */ = {
			isa = XCBuildConfiguration;
			buildSettings = {
				ALWAYS_SEARCH_USER_PATHS = NO;
				ASSETCATALOG_COMPILER_GENERATE_SWIFT_ASSET_SYMBOL_EXTENSIONS = YES;
				CLANG_ANALYZER_NONNULL = YES;
				CLANG_ANALYZER_NUMBER_OBJECT_CONVERSION = YES_AGGRESSIVE;
				CLANG_CXX_LANGUAGE_STANDARD = "gnu++20";
				CLANG_ENABLE_MODULES = YES;
				CLANG_ENABLE_OBJC_ARC = YES;
				CLANG_ENABLE_OBJC_WEAK = YES;
				CLANG_WARN_BLOCK_CAPTURE_AUTORELEASING = YES;
				CLANG_WARN_BOOL_CONVERSION = YES;
				CLANG_WARN_COMMA = YES;
				CLANG_WARN_CONSTANT_CONVERSION = YES;
				CLANG_WARN_DEPRECATED_OBJC_IMPLEMENTATIONS = YES;
				CLANG_WARN_DIRECT_OBJC_ISA_USAGE = YES_ERROR;
				CLANG_WARN_DOCUMENTATION_COMMENTS = YES;
				CLANG_WARN_EMPTY_BODY = YES;
				CLANG_WARN_ENUM_CONVERSION = YES;
				CLANG_WARN_INFINITE_RECURSION = YES;
				CLANG_WARN_INT_CONVERSION = YES;
				CLANG_WARN_NON_LITERAL_NULL_CONVERSION = YES;
				CLANG_WARN_OBJC_IMPLICIT_RETAIN_SELF = YES;
				CLANG_WARN_OBJC_LITERAL_CONVERSION = YES;
				CLANG_WARN_OBJC_ROOT_CLASS = YES_ERROR;
				CLANG_WARN_QUOTED_INCLUDE_IN_FRAMEWORK_HEADER = YES;
				CLANG_WARN_RANGE_LOOP_ANALYSIS = YES;
				CLANG_WARN_STRICT_PROTOTYPES = YES;
				CLANG_WARN_SUSPICIOUS_MOVE = YES;
				CLANG_WARN_UNGUARDED_AVAILABILITY = YES_AGGRESSIVE;
				CLANG_WARN_UNREACHABLE_CODE = YES;
				CLANG_WARN__DUPLICATE_METHOD_MATCH = YES;
				COPY_PHASE_STRIP = NO;
				DEBUG_INFORMATION_FORMAT = dwarf;
				ENABLE_STRICT_OBJC_MSGSEND = YES;
				ENABLE_TESTABILITY = YES;
				ENABLE_USER_SCRIPT_SANDBOXING = YES;
				GCC_C_LANGUAGE_STANDARD = gnu17;
				GCC_DYNAMIC_NO_PIC = NO;
				GCC_NO_COMMON_BLOCKS = YES;
				GCC_OPTIMIZATION_LEVEL = 0;
				GCC_PREPROCESSOR_DEFINITIONS = (
					"DEBUG=1",
					"$(inherited)",
				);
				GCC_WARN_64_TO_32_BIT_CONVERSION = YES;
				GCC_WARN_ABOUT_RETURN_TYPE = YES_ERROR;
				GCC_WARN_UNDECLARED_SELECTOR = YES;
				GCC_WARN_UNINITIALIZED_AUTOS = YES_AGGRESSIVE;
				GCC_WARN_UNUSED_FUNCTION = YES;
				GCC_WARN_UNUSED_VARIABLE = YES;
				IPHONEOS_DEPLOYMENT_TARGET = 17.0;
				LOCALIZATION_PREFERS_STRING_CATALOGS = YES;
				MTL_ENABLE_DEBUG_INFO = INCLUDE_SOURCE;
				MTL_FAST_MATH = YES;
				ONLY_ACTIVE_ARCH = YES;
				SDKROOT = iphoneos;
				SWIFT_ACTIVE_COMPILATION_CONDITIONS = "DEBUG $(inherited)";
				SWIFT_OPTIMIZATION_LEVEL = "-Onone";
			};
			name = Debug;
		};
		FBF799FD2B166F2B006BA30D /* Release */ = {
			isa = XCBuildConfiguration;
			buildSettings = {
				ALWAYS_SEARCH_USER_PATHS = NO;
				ASSETCATALOG_COMPILER_GENERATE_SWIFT_ASSET_SYMBOL_EXTENSIONS = YES;
				CLANG_ANALYZER_NONNULL = YES;
				CLANG_ANALYZER_NUMBER_OBJECT_CONVERSION = YES_AGGRESSIVE;
				CLANG_CXX_LANGUAGE_STANDARD = "gnu++20";
				CLANG_ENABLE_MODULES = YES;
				CLANG_ENABLE_OBJC_ARC = YES;
				CLANG_ENABLE_OBJC_WEAK = YES;
				CLANG_WARN_BLOCK_CAPTURE_AUTORELEASING = YES;
				CLANG_WARN_BOOL_CONVERSION = YES;
				CLANG_WARN_COMMA = YES;
				CLANG_WARN_CONSTANT_CONVERSION = YES;
				CLANG_WARN_DEPRECATED_OBJC_IMPLEMENTATIONS = YES;
				CLANG_WARN_DIRECT_OBJC_ISA_USAGE = YES_ERROR;
				CLANG_WARN_DOCUMENTATION_COMMENTS = YES;
				CLANG_WARN_EMPTY_BODY = YES;
				CLANG_WARN_ENUM_CONVERSION = YES;
				CLANG_WARN_INFINITE_RECURSION = YES;
				CLANG_WARN_INT_CONVERSION = YES;
				CLANG_WARN_NON_LITERAL_NULL_CONVERSION = YES;
				CLANG_WARN_OBJC_IMPLICIT_RETAIN_SELF = YES;
				CLANG_WARN_OBJC_LITERAL_CONVERSION = YES;
				CLANG_WARN_OBJC_ROOT_CLASS = YES_ERROR;
				CLANG_WARN_QUOTED_INCLUDE_IN_FRAMEWORK_HEADER = YES;
				CLANG_WARN_RANGE_LOOP_ANALYSIS = YES;
				CLANG_WARN_STRICT_PROTOTYPES = YES;
				CLANG_WARN_SUSPICIOUS_MOVE = YES;
				CLANG_WARN_UNGUARDED_AVAILABILITY = YES_AGGRESSIVE;
				CLANG_WARN_UNREACHABLE_CODE = YES;
				CLANG_WARN__DUPLICATE_METHOD_MATCH = YES;
				COPY_PHASE_STRIP = NO;
				DEBUG_INFORMATION_FORMAT = "dwarf-with-dsym";
				ENABLE_NS_ASSERTIONS = NO;
				ENABLE_STRICT_OBJC_MSGSEND = YES;
				ENABLE_USER_SCRIPT_SANDBOXING = YES;
				GCC_C_LANGUAGE_STANDARD = gnu17;
				GCC_NO_COMMON_BLOCKS = YES;
				GCC_WARN_64_TO_32_BIT_CONVERSION = YES;
				GCC_WARN_ABOUT_RETURN_TYPE = YES_ERROR;
				GCC_WARN_UNDECLARED_SELECTOR = YES;
				GCC_WARN_UNINITIALIZED_AUTOS = YES_AGGRESSIVE;
				GCC_WARN_UNUSED_FUNCTION = YES;
				GCC_WARN_UNUSED_VARIABLE = YES;
				IPHONEOS_DEPLOYMENT_TARGET = 17.0;
				LOCALIZATION_PREFERS_STRING_CATALOGS = YES;
				MTL_ENABLE_DEBUG_INFO = NO;
				MTL_FAST_MATH = YES;
				SDKROOT = iphoneos;
				SWIFT_COMPILATION_MODE = wholemodule;
				VALIDATE_PRODUCT = YES;
			};
			name = Release;
		};
		FBF799FF2B166F2B006BA30D /* Debug */ = {
			isa = XCBuildConfiguration;
			buildSettings = {
				ASSETCATALOG_COMPILER_APPICON_NAME = AppIcon;
				ASSETCATALOG_COMPILER_GLOBAL_ACCENT_COLOR_NAME = AccentColor;
				CODE_SIGN_STYLE = Automatic;
				CURRENT_PROJECT_VERSION = 1;
				DEVELOPMENT_TEAM = 29LG774JBH;
				GENERATE_INFOPLIST_FILE = YES;
				INFOPLIST_FILE = CatApp/Info.plist;
				INFOPLIST_KEY_UIApplicationSupportsIndirectInputEvents = YES;
				INFOPLIST_KEY_UILaunchStoryboardName = LaunchScreen;
				INFOPLIST_KEY_UIMainStoryboardFile = Main;
				INFOPLIST_KEY_UISupportedInterfaceOrientations_iPad = "UIInterfaceOrientationPortrait UIInterfaceOrientationPortraitUpsideDown UIInterfaceOrientationLandscapeLeft UIInterfaceOrientationLandscapeRight";
				INFOPLIST_KEY_UISupportedInterfaceOrientations_iPhone = "UIInterfaceOrientationPortrait UIInterfaceOrientationLandscapeLeft UIInterfaceOrientationLandscapeRight";
				LD_RUNPATH_SEARCH_PATHS = (
					"$(inherited)",
					"@executable_path/Frameworks",
				);
				MARKETING_VERSION = 1.0;
				PRODUCT_BUNDLE_IDENTIFIER = com.Deneme.CatApp;
				PRODUCT_NAME = "$(TARGET_NAME)";
				SWIFT_EMIT_LOC_STRINGS = YES;
				SWIFT_VERSION = 5.0;
				TARGETED_DEVICE_FAMILY = "1,2";
			};
			name = Debug;
		};
		FBF79A002B166F2B006BA30D /* Release */ = {
			isa = XCBuildConfiguration;
			buildSettings = {
				ASSETCATALOG_COMPILER_APPICON_NAME = AppIcon;
				ASSETCATALOG_COMPILER_GLOBAL_ACCENT_COLOR_NAME = AccentColor;
				CODE_SIGN_STYLE = Automatic;
				CURRENT_PROJECT_VERSION = 1;
				DEVELOPMENT_TEAM = 29LG774JBH;
				GENERATE_INFOPLIST_FILE = YES;
				INFOPLIST_FILE = CatApp/Info.plist;
				INFOPLIST_KEY_UIApplicationSupportsIndirectInputEvents = YES;
				INFOPLIST_KEY_UILaunchStoryboardName = LaunchScreen;
				INFOPLIST_KEY_UIMainStoryboardFile = Main;
				INFOPLIST_KEY_UISupportedInterfaceOrientations_iPad = "UIInterfaceOrientationPortrait UIInterfaceOrientationPortraitUpsideDown UIInterfaceOrientationLandscapeLeft UIInterfaceOrientationLandscapeRight";
				INFOPLIST_KEY_UISupportedInterfaceOrientations_iPhone = "UIInterfaceOrientationPortrait UIInterfaceOrientationLandscapeLeft UIInterfaceOrientationLandscapeRight";
				LD_RUNPATH_SEARCH_PATHS = (
					"$(inherited)",
					"@executable_path/Frameworks",
				);
				MARKETING_VERSION = 1.0;
				PRODUCT_BUNDLE_IDENTIFIER = com.Deneme.CatApp;
				PRODUCT_NAME = "$(TARGET_NAME)";
				SWIFT_EMIT_LOC_STRINGS = YES;
				SWIFT_VERSION = 5.0;
				TARGETED_DEVICE_FAMILY = "1,2";
			};
			name = Release;
		};
/* End XCBuildConfiguration section */

/* Begin XCConfigurationList section */
		FBF799E52B166F2A006BA30D /* Build configuration list for PBXProject "CatApp" */ = {
			isa = XCConfigurationList;
			buildConfigurations = (
				FBF799FC2B166F2B006BA30D /* Debug */,
				FBF799FD2B166F2B006BA30D /* Release */,
			);
			defaultConfigurationIsVisible = 0;
			defaultConfigurationName = Release;
		};
		FBF799FE2B166F2B006BA30D /* Build configuration list for PBXNativeTarget "CatApp" */ = {
			isa = XCConfigurationList;
			buildConfigurations = (
				FBF799FF2B166F2B006BA30D /* Debug */,
				FBF79A002B166F2B006BA30D /* Release */,
			);
			defaultConfigurationIsVisible = 0;
			defaultConfigurationName = Release;
		};
/* End XCConfigurationList section */

/* Begin XCRemoteSwiftPackageReference section */
		FBABC0832B18AA3000609E2D /* XCRemoteSwiftPackageReference "Alamofire" */ = {
			isa = XCRemoteSwiftPackageReference;
			repositoryURL = "https://github.com/Alamofire/Alamofire.git";
			requirement = {
				kind = upToNextMajorVersion;
				minimumVersion = 5.8.1;
			};
		};
/* End XCRemoteSwiftPackageReference section */

/* Begin XCSwiftPackageProductDependency section */
		FBABC0842B18AA3000609E2D /* Alamofire */ = {
			isa = XCSwiftPackageProductDependency;
			package = FBABC0832B18AA3000609E2D /* XCRemoteSwiftPackageReference "Alamofire" */;
			productName = Alamofire;
		};
/* End XCSwiftPackageProductDependency section */
	};
	rootObject = FBF799E22B166F2A006BA30D /* Project object */;
}
